# MFA trial environment: win-64, created 2026-09-22. Install with micromamba create -f this-file.
@EXPLICIT
https://conda.anaconda.org/conda-forge/win-64/_openmp_mutex-4.5-20_gnu.conda#1626967b574d1784b578b52eaeb071e7
https://conda.anaconda.org/conda-forge/noarch/_python_abi3_support-1.0-hd8ed1ab_3.conda#3845f3d75991bae0fb90884662f4327c
https://conda.anaconda.org/conda-forge/noarch/anyio-4.15.1-pyh5ded981_1.conda#33cdc5ba7c481b371f08f88e6c048c55
https://conda.anaconda.org/conda-forge/win-64/aom-3.14.1-pl5321h06fc181_2.conda#7cdc091e676d2d1854b26a751f013c62
https://conda.anaconda.org/conda-forge/win-64/backports.zstd-1.7.0-py313h2a31948_1.conda#d742785ccf2834a29b834892ddb23672
https://conda.anaconda.org/conda-forge/win-64/baumwelch-0.3.11-hd0849ee_1.conda#c69773b7e64ec002b337197a9bd5c471
https://conda.anaconda.org/conda-forge/win-64/brotli-1.2.0-hc8c2fe1_4.conda#bdbb2939efe8af10e7c5885367395710
https://conda.anaconda.org/conda-forge/win-64/brotli-bin-1.2.0-hd477307_4.conda#5353bd43aaade891fc9b614c5d537ce3
https://conda.anaconda.org/conda-forge/win-64/brotli-python-1.2.0-py313h3c654a2_4.conda#f9c2d9b925e6c5ed10bcc323b1ff4d7a
https://conda.anaconda.org/conda-forge/win-64/bzip2-1.0.8-h0ad9c76_10.conda#c3301c058362f340100d91cd8be0393f
https://conda.anaconda.org/conda-forge/noarch/ca-certificates-2026.7.22-h4c7d964_0.conda#e27d2ac27b096dc51fedfcf775a53f9b
https://conda.anaconda.org/conda-forge/win-64/cairo-1.18.6-h477c42c_0.conda#f87fcbccd5ad4cbbf0c4b1c030f9cfc2
https://conda.anaconda.org/conda-forge/noarch/certifi-2026.7.22-pyhd8ed1ab_0.conda#37e13edbe3b48f1095a9d085ef9cd83b
https://conda.anaconda.org/conda-forge/win-64/cffi-2.1.1-py313h5ea7bf4_3.conda#0b65008c91ad9f660d6bdc10ed22b259
https://conda.anaconda.org/conda-forge/noarch/charset-normalizer-3.5.1-pyhd8ed1ab_0.conda#e0ac3accc64e23e40969d660e5f58ac8
https://conda.anaconda.org/conda-forge/noarch/click-8.5.0-pyh5ded981_0.conda#dea5b13a211bbf99876deb980b408a66
https://conda.anaconda.org/conda-forge/noarch/cloudpickle-3.1.2-pyhcf101f3_1.conda#61b8078a0905b12529abc622406cb62c
https://conda.anaconda.org/conda-forge/noarch/colorama-0.4.6-pyhd8ed1ab_1.conda#962b9857ee8e7018c22f2776ffa0b2d7
https://conda.anaconda.org/conda-forge/win-64/contourpy-1.4.0-py313h1a38498_1.conda#1264c3eb23e2b7d41e1c886887b5e234
https://conda.anaconda.org/conda-forge/noarch/cpython-3.13.15-py313hd8ed1ab_103.conda#23f5019df9a1d2287cb99af4c81ca8d2
https://conda.anaconda.org/conda-forge/noarch/cycler-0.12.1-pyhcf101f3_2.conda#4c2a8fef270f6c69591889b93f9f55c1
https://conda.anaconda.org/conda-forge/win-64/dav1d-1.2.1-hcfcfb64_0.conda#ed2c27bda330e3f0ab41577cf8b9b585
https://conda.anaconda.org/conda-forge/noarch/decorator-5.3.1-pyhd8ed1ab_0.conda#61dcf784d59ef0bd62c57d982b154ace
https://conda.anaconda.org/conda-forge/win-64/dlfcn-win32-1.4.2-hac47afa_0.conda#3a1ea992fd445a5d8c7f27648eff2b5f
https://conda.anaconda.org/conda-forge/win-64/ffmpeg-8.1.2-gpl_h4724fdd_102.conda#b5a6d96f98eb69b702d508ad41296c9b
https://conda.anaconda.org/conda-forge/noarch/filelock-4.0.1-pyhd8ed1ab_0.conda#9f53748190cd5cbdfe0e7c84b9b8c9b4
https://conda.anaconda.org/conda-forge/noarch/font-ttf-dejavu-sans-mono-2.37-hab24e00_0.tar.bz2#0c96522c6bdaed4b1566d11387caaf45
https://conda.anaconda.org/conda-forge/noarch/font-ttf-inconsolata-3.000-h77eed37_0.tar.bz2#34893075a5c9e55cdafac56607368fc6
https://conda.anaconda.org/conda-forge/noarch/font-ttf-source-code-pro-2.038-h77eed37_0.tar.bz2#4d59c254e01d9cde7957100457e2d5fb
https://conda.anaconda.org/conda-forge/noarch/font-ttf-ubuntu-0.83-h77eed37_3.conda#49023d73832ef61042f6a237cb2687e7
https://conda.anaconda.org/conda-forge/win-64/fontconfig-2.18.3-hd47e2ca_1.conda#ed95670fed91b091fe34ba6cae6677d7
https://conda.anaconda.org/conda-forge/noarch/fonts-conda-ecosystem-1-0.tar.bz2#fee5683a3f04bd15cbd8318b096a27ab
https://conda.anaconda.org/conda-forge/noarch/fonts-conda-forge-1-hc364b38_1.conda#a7970cd949a077b7cb9696379d338681
https://conda.anaconda.org/conda-forge/win-64/fonttools-4.65.0-py313hd650c13_0.conda#e30ff3b781a95a50068ac07ff5595402
https://conda.anaconda.org/conda-forge/win-64/freetype-2.14.3-h57928b3_2.conda#6fc6c09c05a099d58efd9b2e96598e41
https://conda.anaconda.org/conda-forge/win-64/fribidi-1.0.17-hfd05255_0.conda#fbe8e77a49028820f94cf619890c2365
https://conda.anaconda.org/conda-forge/noarch/fsspec-2026.7.0-pyhd8ed1ab_0.conda#b9176565976c773a0739bd83deaf06cc
https://conda.anaconda.org/conda-forge/win-64/gdk-pixbuf-2.44.8-h1f5b9c4_2.conda#64ff5f942e6ac65da98fcecfad087e0d
https://conda.anaconda.org/conda-forge/win-64/getopt-win32-0.1-h6a83c73_3.conda#49c36fcad2e9af6b91e91f2ce5be8ebd
https://conda.anaconda.org/conda-forge/win-64/glslang-16.6.0-h8fa7867_0.conda#ed55c0145873694800fb43519de0faea
https://conda.anaconda.org/conda-forge/win-64/graphite2-1.3.15-h5112557_1.conda#79538e7a7bc024084eda5989f73fde35
https://conda.anaconda.org/conda-forge/win-64/graphviz-14.1.2-h4c50273_0.conda#afabed4c46b197b89eb974aa038d12db
https://conda.anaconda.org/conda-forge/win-64/greenlet-3.5.6-py313h927ade5_0.conda#4bc7536180db8920e23e74c26947e2cc
https://conda.anaconda.org/conda-forge/win-64/gts-0.7.6-h6b5321d_4.conda#a41f14768d5e377426ad60c613f2923b
https://conda.anaconda.org/conda-forge/noarch/h11-0.16.0-pyhcf101f3_1.conda#b8993c19b0c32a2f7b66cbb58ca27069
https://conda.anaconda.org/conda-forge/noarch/h2-4.4.1-pyhcf101f3_0.conda#e652ac7756069c456d0da2a922cd7df5
https://conda.anaconda.org/conda-forge/win-64/hdbscan-0.8.44-py313h0591002_0.conda#c11703de0d382eedcd2845b7e5eba84d
https://conda.anaconda.org/conda-forge/win-64/hf-xet-1.5.2-py310hfb9af98_2.conda#b8d4ccb9fe3ea368ebe0bbb7a28ac4ca
https://conda.anaconda.org/conda-forge/noarch/hpack-4.2.0-pyhd8ed1ab_0.conda#b395909221b9bd1df066e5930e18855b
https://conda.anaconda.org/conda-forge/noarch/httpcore-1.0.9-pyh29332c3_0.conda#4f14640d58e2cc0aa0819d9d8ba125bb
https://conda.anaconda.org/conda-forge/noarch/httpx-0.28.1-pyhd8ed1ab_0.conda#d6989ead454181f4f9bc987d3dc4e285
https://conda.anaconda.org/conda-forge/noarch/huggingface_hub-1.32.0-pyh5ded981_0.conda#cc5241f1e0c5948c1b6828239de647d9
https://conda.anaconda.org/conda-forge/noarch/hyperframe-6.1.0-pyhd8ed1ab_0.conda#8e6923fc12f1fe8f8c4e5c9f343256ac
https://conda.anaconda.org/conda-forge/win-64/icu-78.3-h5112557_2.conda#e596942e8ee6ee17fdcf1e6a77757a66
https://conda.anaconda.org/conda-forge/noarch/idna-3.20-pyh5ded981_0.conda#ee73be987f9de9ea5c2fdaeefa7b6491
https://conda.anaconda.org/conda-forge/noarch/jinja2-3.1.6-pyhcf101f3_1.conda#04558c96691bed63104678757beb4f8d
https://conda.anaconda.org/conda-forge/noarch/joblib-1.6.0-pyhcf101f3_0.conda#4ebc70ef1af2e21cdc8edb1bfa1ec28d
https://conda.anaconda.org/conda-forge/win-64/kaldi-5.5.1172-cpu_hf03c2bf_5.conda#dc72a115ec25db55c831282d4cf79eb4
https://conda.anaconda.org/conda-forge/win-64/kalpy-0.10.5-py313hf069bd2_0.conda#eef7043a5c8bd2276402b30c6800abb6
https://conda.anaconda.org/conda-forge/win-64/kiwisolver-1.5.1-py313h1a38498_3.conda#d42c029842e5ebb6cf68e50d4d5f7723
https://conda.anaconda.org/conda-forge/noarch/kneed-0.8.6-pyhd8ed1ab_0.conda#172852fe4069b4da155e191bd1b1d7f9
https://conda.anaconda.org/conda-forge/win-64/krb5-1.22.2-h719d79b_2.conda#93f5a01dec294a2228f757fe2f3432d4
https://conda.anaconda.org/conda-forge/win-64/lame-3.100-hcfcfb64_1003.tar.bz2#d92e64077c44c9e32c72d4b5799d47e4
https://conda.anaconda.org/conda-forge/noarch/lazy-loader-0.5-pyhd8ed1ab_0.conda#75932da6f03a6bef32b70a51e991f6eb
https://conda.anaconda.org/conda-forge/noarch/lazy_loader-0.5-pyhd8ed1ab_0.conda#4c8327180586e7b1cd8b6815fc8827f1
https://conda.anaconda.org/conda-forge/win-64/lcms2-2.19.1-hf2c6c5f_3.conda#a817b8a8f09864652c8700bd1893fe81
https://conda.anaconda.org/conda-forge/win-64/lerc-4.2.0-hd936e49_0.conda#add59e2b60ac9d4299d17c938185c75a
https://conda.anaconda.org/conda-forge/win-64/libblas-3.11.0-11_h8455456_mkl.conda#a63c8b08343d276a552c395f495987fa
https://conda.anaconda.org/conda-forge/win-64/libbrotlicommon-1.2.0-hf02afa3_4.conda#35d7e4a581c8364e8c675f6b95d183d0
https://conda.anaconda.org/conda-forge/win-64/libbrotlidec-1.2.0-h84f9c24_4.conda#1b4637ca71b21c0d31ab28c3c0b34c8e
https://conda.anaconda.org/conda-forge/win-64/libbrotlienc-1.2.0-he2a975b_4.conda#562b5e39b7797423e7fd04bae1c6ad70
https://conda.anaconda.org/conda-forge/win-64/libcblas-3.11.0-11_h2a3cdd5_mkl.conda#c9f8a732af97d55997f9ac6d0c02e3f2
https://conda.anaconda.org/conda-forge/win-64/libdeflate-1.25-h1a1d4e4_1.conda#e4e122e124676a49eebf241399ad8393
https://conda.anaconda.org/conda-forge/win-64/libexpat-2.8.4-hac47afa_0.conda#7e9023b0034e87d324ad64809859184e
https://conda.anaconda.org/conda-forge/win-64/libffi-3.7.0-h3d046cb_1.conda#ceb38b0ba900847d8da4289c3c8e5708
https://conda.anaconda.org/conda-forge/win-64/libflac-1.5.0-h08124e9_1.conda#949f7783753b48ede3ceaa1ee9876f0c
https://conda.anaconda.org/conda-forge/win-64/libfreetype-2.14.3-h57928b3_2.conda#740f99c3c91079c03874b809fedace1b
https://conda.anaconda.org/conda-forge/win-64/libfreetype6-2.14.3-hdbac1cb_2.conda#8157483eb7ed3fcba71aad3b50a97131
https://conda.anaconda.org/conda-forge/win-64/libgcc-16.2.0-h110b43a_5.conda#2145aec8ec459f6e267a710c26d04128
https://conda.anaconda.org/conda-forge/win-64/libgd-2.3.3-h4974f7c_12.conda#3a5b40267fcd31f1ba3a24014fe92044
https://conda.anaconda.org/conda-forge/win-64/libglib-2.90.0-ha564072_0.conda#29c689012c8a53a0e36a70dfd43227e4
https://conda.anaconda.org/conda-forge/win-64/libgomp-16.2.0-h8ee18e1_5.conda#240218670f7b97850d296566ea601975
https://conda.anaconda.org/conda-forge/win-64/libharfbuzz-14.5.0-h03b5201_0.conda#c0b52894b8f10778b0ea2d1ded020b11
https://conda.anaconda.org/conda-forge/win-64/libhwloc-2.13.0-default_h049141e_1000.conda#6a01c986e30292c715038d2788aa1385
https://conda.anaconda.org/conda-forge/win-64/libhwy-1.4.0-h2419aca_1.conda#972a4e44d5a8c3447769414fd3518d5d
https://conda.anaconda.org/conda-forge/win-64/libiconv-1.18-hc1393d2_3.conda#a8a2abdf0f901bc4779d9b7be0845921
https://conda.anaconda.org/conda-forge/win-64/libintl-0.22.5-h5728263_4.conda#36d6e0045173974521fabd42bd5033d6
https://conda.anaconda.org/conda-forge/win-64/libjpeg-turbo-3.2.0-hfd05255_1.conda#fc2c23bacefd1e733f1e1d6cd3b2aaeb
https://conda.anaconda.org/conda-forge/win-64/libjxl-0.12.0-h932607e_2.conda#cf415a2296a1d862e93559645c91fd30
https://conda.anaconda.org/conda-forge/win-64/liblapack-3.11.0-11_hf9ab0e9_mkl.conda#79bdf20fd2666b8a3485a6021c935b3a
https://conda.anaconda.org/conda-forge/win-64/liblapacke-3.11.0-11_h3ae206f_mkl.conda#103897ea660324fe622d992198c629a4
https://conda.anaconda.org/conda-forge/win-64/liblzma-5.8.3-hfd05255_1.conda#880a0c8549479b198af21ba5dc49b109
https://conda.anaconda.org/conda-forge/win-64/liblzma-devel-5.8.3-hfd05255_1.conda#84e0e7df64202da959bc3c29c0e69ff5
https://conda.anaconda.org/conda-forge/win-64/libmad-0.15.1b-hcfcfb64_1001.conda#b6689654bd79a44e67f4d6ecca3d8b5b
https://conda.anaconda.org/conda-forge/win-64/libmpdec-4.0.0-hfd05255_2.conda#5ae92fd6614edd024576e14069d7ad4c
https://conda.anaconda.org/conda-forge/win-64/libogg-1.3.5-h2466b09_1.conda#b67ed8c9ca072695ff482e50d888a523
https://conda.anaconda.org/conda-forge/win-64/libopus-1.6.1-h6a83c73_1.conda#4879aae1cb275721f9f9429db296b250
https://conda.anaconda.org/conda-forge/win-64/libpng-1.6.58-hdc8cecf_1.conda#5aa7348e73691187c81d51616f17e48a
https://conda.anaconda.org/conda-forge/win-64/libpq-16.15-h43e12c5_0.conda#23d74bfc8451703759d0ecb9c62732e6
https://conda.anaconda.org/conda-forge/win-64/libpython-3.13.15-h4f90d01_103_cp313.conda#639fa4ff11158b311ad35eb54072602a
https://conda.anaconda.org/conda-forge/win-64/libraqm-0.11.0-h50d6d30_0.conda#df92be5685f712989830bdb7ee39383a
https://conda.anaconda.org/conda-forge/noarch/librosa-1.0.0-pyhd8ed1ab_0.conda#605a29deb41af501ccfb66100a82225e
https://conda.anaconda.org/conda-forge/win-64/librsvg-2.62.3-h5506a08_1.conda#0e77e6f2bc865f02ce9afc6a50cfcbdc
https://conda.anaconda.org/conda-forge/win-64/libsndfile-1.2.2-hc3b4fa0_2.conda#31122eb784ae36b096fadeadd30cfabf
https://conda.anaconda.org/conda-forge/win-64/libsqlite-3.53.4-hf5d6505_1.conda#a72d495965b144bb7da033642d389047
https://conda.anaconda.org/conda-forge/win-64/libtiff-4.7.2-h8f73337_1.conda#970dbe48f843e7fbd179a9b6c22f865a
https://conda.anaconda.org/conda-forge/win-64/libusb-1.0.29-h1839187_0.conda#a656b2c367405cd24988cf67ff2675aa
https://conda.anaconda.org/conda-forge/win-64/libvorbis-1.3.7-h5112557_2.conda#42a8a56c60882da5d451aa95b8455111
https://conda.anaconda.org/conda-forge/win-64/libvulkan-loader-1.4.357.0-h477610d_2.conda#aaeed7feddbfd7454f8853a5eae8d902
https://conda.anaconda.org/conda-forge/win-64/libwebp-base-1.6.0-h4d5522a_1.conda#35a9475e4cc999d52921f57c181979fc
https://conda.anaconda.org/conda-forge/win-64/libwinpthread-12.0.0.r4.gg4f2fc60ca-h57928b3_10.conda#8a86073cf3b343b87d03f41790d8b4e5
https://conda.anaconda.org/conda-forge/win-64/libxcb-1.17.0-h874e120_2.conda#3658b0201b32da9607ea5e3c1c463c1f
https://conda.anaconda.org/conda-forge/win-64/libxml2-16-2.15.4-h3cfd58e_0.conda#bab5489f4bd38494ffaa83d6ab924c1f
https://conda.anaconda.org/conda-forge/win-64/libxml2-2.15.4-he095d88_0.conda#3ce54d0f8f24dfab99d82414411640aa
https://conda.anaconda.org/conda-forge/win-64/libzlib-1.3.2-hfd05255_3.conda#5d2ff29d465097458cc3ff6569151991
https://conda.anaconda.org/conda-forge/win-64/llvm-openmp-23.1.1-h49e36cd_0.conda#f895db3df946e742c3ce07cfce271bdd
https://conda.anaconda.org/conda-forge/win-64/llvmlite-0.49.0-py313h9a11d27_3.conda#e337e644ace056f25be9859f3f4a25ca
https://conda.anaconda.org/conda-forge/noarch/markdown-it-py-4.2.0-pyhd8ed1ab_0.conda#6d03368f2b2b0a5fb6839df53b2eb5e0
https://conda.anaconda.org/conda-forge/win-64/markupsafe-3.0.3-py313hd650c13_1.conda#5cc690ddf943700e0ef50a265df31f03
https://conda.anaconda.org/conda-forge/win-64/matplotlib-base-3.11.2-py313hd763eb3_1.conda#89466893c9d0f034b9e421d14fcee927
https://conda.anaconda.org/conda-forge/noarch/mdurl-0.1.2-pyhd8ed1ab_1.conda#592132998493b3ff25fd7479396e8351
https://conda.anaconda.org/conda-forge/win-64/mkl-2026.1.0-hac47afa_235.conda#ace316c48c178d7faa403dee51e30c7b
https://conda.anaconda.org/conda-forge/noarch/montreal-forced-aligner-3.4.2-pyhd8ed1ab_0.conda#17f1b4fd11dee247d056923285606b14
https://conda.anaconda.org/conda-forge/win-64/mpg123-1.32.9-h365c5b5_0.conda#1553d8d9d67a791da847111d87380b34
https://conda.anaconda.org/conda-forge/win-64/msgpack-python-1.2.2-py313h1a38498_2.conda#2747a4f5c12412e25f1da5c6313474ef
https://conda.anaconda.org/conda-forge/noarch/munkres-1.1.4-pyhd8ed1ab_1.conda#37293a85a0f4f77bbd9cf7aaefc62609
https://conda.anaconda.org/conda-forge/noarch/narwhals-2.26.0-pyh5ded981_0.conda#afb7146667be7c8121f5f8337be60680
https://conda.anaconda.org/conda-forge/win-64/ngram-1.3.17-hc790b64_0.conda#55611abc58c2d2f9820f1a4a8acc5441
https://conda.anaconda.org/conda-forge/win-64/numba-0.67.0-py313h927ade5_1.conda#3dbffc2fff2097acb3391c159e9b4c6d
https://conda.anaconda.org/conda-forge/win-64/numpy-2.5.3-py313ha8dc839_0.conda#7c54c78cae1e97d9ae7f129c49efec09
https://conda.anaconda.org/conda-forge/win-64/openfst-1.8.4-hc790b64_1.conda#70bdba93eba9782b2b711e9e3b0db74b
https://conda.anaconda.org/conda-forge/win-64/openh264-2.6.0-h1eab103_2.conda#2aba509ce4f4954e3b9967647be4c2ed
https://conda.anaconda.org/conda-forge/win-64/openjpeg-2.5.4-h90fa87c_2.conda#d9b2cb1079cf59651722c09aa3a9f840
https://conda.anaconda.org/conda-forge/win-64/openssl-3.6.4-hf411b9b_0.conda#73cb1783f47c452be4c309430fbef89f
https://conda.anaconda.org/conda-forge/noarch/packaging-26.3-pyhc364b38_0.conda#936687ed80f295a1f5dbcf8bd34c252c
https://conda.anaconda.org/conda-forge/win-64/pango-1.58.2-h13911b6_1.conda#7953b4cc0a7a47a0d91fa2e664269a0c
https://conda.anaconda.org/conda-forge/win-64/pcre2-10.47-h8466c1e_1.conda#009af999dbe2d1db36a37187a4ca4eb4
https://conda.anaconda.org/conda-forge/win-64/pgvector-0.8.6-h2466b09_0.conda#3e3a2ed562e9435dee119f5ed3c52915
https://conda.anaconda.org/conda-forge/noarch/pgvector-python-0.5.0-pyhcf101f3_0.conda#087ccfaa08b6da879528f7b70f69bb85
https://conda.anaconda.org/conda-forge/win-64/pillow-12.3.0-py313h8a2f7de_4.conda#f77eb3951259033c496d171407399c60
https://conda.anaconda.org/conda-forge/noarch/pip-26.2.1-pyh145f28c_0.conda#573cb3ed111004230ed3de650653cd4d
https://conda.anaconda.org/conda-forge/win-64/pixman-0.46.4-h5112557_3.conda#27c5be39d9e4d25fe85b89a069360d1e
https://conda.anaconda.org/conda-forge/noarch/platformdirs-4.11.11-pyh5ded981_0.conda#8fbbcac647ae8d387f011d2f0fe9041c
https://conda.anaconda.org/conda-forge/noarch/pooch-1.9.0-pyhd8ed1ab_0.conda#dd4b6337bf8886855db6905b336db3c8
https://conda.anaconda.org/conda-forge/win-64/postgresql-16.15-he837cf3_0.conda#9293641eed0a3079e5315e0f008c0174
https://conda.anaconda.org/conda-forge/noarch/praatio-6.2.2-pyhd8ed1ab_0.conda#6a684bdeb2ff7f11b697d30a4352c278
https://conda.anaconda.org/conda-forge/win-64/psycopg2-2.9.9-py313hb141f5c_1.conda#8c28a96f7fc91ed9bbf530a5ab53bbe6
https://conda.anaconda.org/conda-forge/win-64/pthread-stubs-0.4-hfa92662_1004.conda#fda2f9fedee1b85ba855ea26a9b6bbf8
https://conda.anaconda.org/conda-forge/noarch/pycparser-3.0-pyhcf101f3_0.conda#9c5491066224083c41b6d5635ed7107b
https://conda.anaconda.org/conda-forge/noarch/pygments-2.21.0-pyhcf101f3_0.conda#2882dee445dfa45b0c5afce3ffb7730a
https://conda.anaconda.org/conda-forge/win-64/pynini-2.1.7-py313hf069bd2_2.conda#193502b1e5b8f8e099fb2864d9597d1f
https://conda.anaconda.org/conda-forge/noarch/pyparsing-3.3.3-pyh5ded981_0.conda#8bf43ae1312e9b966063459e04c20fa7
https://conda.anaconda.org/conda-forge/noarch/pysocks-1.7.1-pyh09c184e_7.conda#e2fd202833c4a981ce8a65974fe4abd1
https://conda.anaconda.org/conda-forge/noarch/pysoundfile-0.14.0-pyhcf101f3_0.conda#7917a903d86ef25e4da7b26b971bdd9a
https://conda.anaconda.org/conda-forge/win-64/python-3.13.15-h254dcb4_103_cp313.conda#2d8102b111d57538db189c62ce291922
https://conda.anaconda.org/conda-forge/noarch/python-dateutil-2.9.0.post0-pyhe01879c_2.conda#5b8d21249ff20967101ffa321cab24e8
https://conda.anaconda.org/conda-forge/noarch/python-gil-3.13.15-h4df99d1_103.conda#86d251460e192368d2982e5b0dcad798
https://conda.anaconda.org/conda-forge/noarch/python_abi-3.13-9_cp313.conda#c5abc97af551bc12d71305852392f75c
https://conda.anaconda.org/conda-forge/win-64/pyyaml-6.0.3-py313hd650c13_1.conda#c1bdb8dd255c79fb9c428ad25cc6ee54
https://conda.anaconda.org/conda-forge/win-64/qhull-2020.2-hc790b64_5.conda#854fbdff64b572b5c0b470f334d34c11
https://conda.anaconda.org/conda-forge/noarch/requests-2.34.2-pyhcf101f3_0.conda#4a85203c1d80c1059086ae860836ffb9
https://conda.anaconda.org/conda-forge/noarch/rich-15.0.0-pyhcf101f3_0.conda#0242025a3c804966bf71aa04eee82f66
https://conda.anaconda.org/conda-forge/noarch/rich-click-1.9.9-pyh6be1c34_0.conda#7c6215277117a6649a32dd28f1cfadb2
https://conda.anaconda.org/conda-forge/win-64/scikit-learn-1.9.1-np2py313h4ce4a18_1.conda#744b8db3e4f7d0187e1818fe70649def
https://conda.anaconda.org/conda-forge/win-64/scipy-1.18.1-py313hf327ce8_1.conda#ad07f22d8f2ae135ab579a91d5a1a7f0
https://conda.anaconda.org/conda-forge/win-64/sdl2-2.32.56-h5112557_0.conda#4cffbfebb6614a1bff3fc666527c25c7
https://conda.anaconda.org/conda-forge/win-64/sdl3-3.4.16-h5112557_0.conda#ae756efcd873b33c95a98fb49659e43b
https://conda.anaconda.org/conda-forge/win-64/shaderc-2026.2-h8fa7867_0.conda#dd6d0d119b1ca747af3ba964eaa3c565
https://conda.anaconda.org/conda-forge/noarch/six-1.17.0-pyhe01879c_1.conda#3339e3b65d58accf4ca4fb8748ab16b3
https://conda.anaconda.org/conda-forge/noarch/sniffio-1.3.1-pyhd8ed1ab_2.conda#03fe290994c5e4ec17293cfb6bdce520
https://conda.anaconda.org/conda-forge/win-64/sox-14.4.2-hb83ef69_1021.conda#e7116d9fb3061aae5876f9ff1383d7e6
https://conda.anaconda.org/conda-forge/win-64/soxr-0.1.3-hcfcfb64_3.conda#8112bd0d3eb530551b2adebda0ea4c0c
https://conda.anaconda.org/conda-forge/win-64/soxr-python-1.1.0-py313hfe59770_0.conda#64522efec7af9c12627726ce7c18da61
https://conda.anaconda.org/conda-forge/win-64/spirv-tools-2026.3-h49e36cd_1.conda#4da2046d54389d47d93c54a2597b9c11
https://conda.anaconda.org/conda-forge/win-64/sqlalchemy-2.0.54-py313h5fd188c_1.conda#c20c073a8a791008a04c97655e8dbc0c
https://conda.anaconda.org/conda-forge/win-64/sqlite-3.53.4-hdb435a2_1.conda#df9d7c5d34602e0f2655a524d31fce87
https://conda.anaconda.org/conda-forge/win-64/svt-av1-4.0.1-hac47afa_0.conda#d9714a97bc69f98fd5032f675ae1b0b5
https://conda.anaconda.org/conda-forge/win-64/tbb-2023.1.0-hdcfe883_0.conda#8b1275f06705cdc2ab67f3bfdf4df843
https://conda.anaconda.org/conda-forge/noarch/threadpoolctl-3.7.0-pyhc455866_0.conda#8c05910e780502e362d658f00f5ec10f
https://conda.anaconda.org/conda-forge/win-64/tk-8.6.13-h967ab96_4.conda#dd9eb33c99d352b6356f86964d6040f7
https://conda.anaconda.org/conda-forge/noarch/tqdm-4.70.1-pyh6be1c34_0.conda#09073bfb6fbb3e1c7d0528b4d91e9508
https://conda.anaconda.org/conda-forge/noarch/typing-extensions-4.16.0-h69aa097_0.conda#c680b5747e8c4c8f23dca0bb7042a8fc
https://conda.anaconda.org/conda-forge/noarch/typing_extensions-4.16.0-pyhcf101f3_0.conda#c70ad746c22219b9700931707482992c
https://conda.anaconda.org/conda-forge/noarch/tzdata-2026c-h151e31d_0.conda#fcb489df604d100968b737f2cb6076c6
https://conda.anaconda.org/conda-forge/win-64/ucrt-10.0.26100.0-h57928b3_0.conda#71b24316859acd00bdb8b38f5e2ce328
https://conda.anaconda.org/conda-forge/noarch/urllib3-2.8.0-pyhd8ed1ab_0.conda#407a3d3778570bae8e8fcf554e803e43
https://conda.anaconda.org/conda-forge/win-64/vc-14.5-ha367084_41.conda#aa805b5522c2a98fa286e551a1f48546
https://conda.anaconda.org/conda-forge/win-64/vc14_runtime-14.51.36247-habf1de7_41.conda#ac5333bb3d429361f23adf704cc49a78
https://conda.anaconda.org/conda-forge/win-64/vcomp14-14.51.36247-habf1de7_41.conda#350bb67a5c8e5f1c53347ac544ab6600
https://conda.anaconda.org/conda-forge/win-64/vs2015_runtime-14.51.36247-h633cb9f_41.conda#21504569fa34b5d3a67760219e3ff1cc
https://conda.anaconda.org/conda-forge/noarch/win_inet_pton-1.1.0-pyh7428d3b_8.conda#46e441ba871f524e2b067929da3051c2
https://conda.anaconda.org/conda-forge/win-64/x264-1%21164.3095-hfd05255_3.conda#4871b189ce6e4d5ea1ef26dc6ab6a0ad
https://conda.anaconda.org/conda-forge/win-64/x265-3.5-h3ee6617_4.conda#4c268479e0b22b8939a779aeb8c08536
https://conda.anaconda.org/conda-forge/win-64/xorg-libice-1.1.2-hd74fcf3_0.conda#a1629a20e5b128c4512b80a93bb1ae55
https://conda.anaconda.org/conda-forge/win-64/xorg-libsm-1.2.6-hd74fcf3_1.conda#edb94e6121d977d7bc2cc0f56d656c14
https://conda.anaconda.org/conda-forge/win-64/xorg-libx11-1.8.13-hfa52320_1.conda#369df5999d1a5baf57b53fd892aafc7e
https://conda.anaconda.org/conda-forge/win-64/xorg-libxau-1.0.12-hfa92662_2.conda#68403004c805ce03b71a5889a4c47fa1
https://conda.anaconda.org/conda-forge/win-64/xorg-libxdmcp-1.1.5-hfa92662_2.conda#17274cf7d62e029e62653a3e6c80b379
https://conda.anaconda.org/conda-forge/win-64/xorg-libxext-1.3.7-hfa92662_1.conda#ff2351642e25ff00ae484a6b533c0c9e
https://conda.anaconda.org/conda-forge/win-64/xorg-libxpm-3.5.19-hba3369d_0.conda#39d8a6b9a87047c817e5881fc0706684
https://conda.anaconda.org/conda-forge/win-64/xorg-libxt-1.3.1-hfa92662_1.conda#41eebca909ba9e18a69eba80152ffb1c
https://conda.anaconda.org/conda-forge/win-64/yaml-0.2.5-h6a83c73_3.conda#433699cba6602098ae8957a323da2664
https://conda.anaconda.org/conda-forge/win-64/zlib-1.3.2-hfd05255_3.conda#945092a9bc1d0f250f7d5ecf51ecd471
https://conda.anaconda.org/conda-forge/win-64/zlib-ng-2.3.3-h0261ad2_1.conda#46a21c0a4e65f1a135251fc7c8663f83
https://conda.anaconda.org/conda-forge/win-64/zstd-1.5.7-h534d264_7.conda#e4ac308c39d6d0e131154976da67cf3b
